Microsoft Visual Studio Solution File, Format Version 11.00
# Visual Studio 2008

Project("{DF29E86C-7E5C-A249-FAE3-38644DC3063F}") = "Medical VR Demonstration", "Assembly-CSharp.csproj", "{0C803608-76AD-CDD3-B67A-6AD9BD068611}"
EndProject
Project("{DF29E86C-7E5C-A249-FAE3-38644DC3063F}") = "Medical VR Demonstration", "Assembly-CSharp-Editor.csproj", "{EE418F53-EC12-2ACD-68F4-4431F234F9DE}"
EndProject
Global
	GlobalSection(SolutionConfigurationPlatforms) = preSolution
		Debug|Any CPU = Debug|Any CPU
		Release|Any CPU = Release|Any CPU
	EndGlobalSection
	GlobalSection(ProjectConfigurationPlatforms) = postSolution
		{0C803608-76AD-CDD3-B67A-6AD9BD068611}.Debug|Any CPU.ActiveCfg = Debug|Any CPU
		{0C803608-76AD-CDD3-B67A-6AD9BD068611}.Debug|Any CPU.Build.0 = Debug|Any CPU
		{0C803608-76AD-CDD3-B67A-6AD9BD068611}.Release|Any CPU.ActiveCfg = Release|Any CPU
		{0C803608-76AD-CDD3-B67A-6AD9BD068611}.Release|Any CPU.Build.0 = Release|Any CPU
		{EE418F53-EC12-2ACD-68F4-4431F234F9DE}.Debug|Any CPU.ActiveCfg = Debug|Any CPU
		{EE418F53-EC12-2ACD-68F4-4431F234F9DE}.Debug|Any CPU.Build.0 = Debug|Any CPU
		{EE418F53-EC12-2ACD-68F4-4431F234F9DE}.Release|Any CPU.ActiveCfg = Release|Any CPU
		{EE418F53-EC12-2ACD-68F4-4431F234F9DE}.Release|Any CPU.Build.0 = Release|Any CPU
	EndGlobalSection
	GlobalSection(SolutionProperties) = preSolution
		HideSolutionNode = FALSE
	EndGlobalSection
	GlobalSection(MonoDevelopProperties) = preSolution
		StartupItem = Assembly-CSharp.csproj
	EndGlobalSection
EndGlobal
